
Microsoft Visual Studio Solution File, Format Version 12.00
# Visual Studio Version 17
VisualStudioVersion = 17.1.32407.343
MinimumVisualStudioVersion = 10.0.40219.1
Project("{FAE04EC0-301F-11D3-BF4B-00C04F79EFBC}") = "Assignment2", "Assignment2\Assignment2.csproj", "{6E3D9D71-66CA-4F0B-8702-244098720D02}"
EndProject
Global
	GlobalSection(SolutionConfigurationPlatforms) = preSolution
		Debug|Any CPU = Debug|Any CPU
		Release|Any CPU = Release|Any CPU
	EndGlobalSection
	GlobalSection(ProjectConfigurationPlatforms) = postSolution
		{6E3D9D71-66CA-4F0B-8702-244098720D02}.Debug|Any CPU.ActiveCfg = Debug|Any CPU
		{6E3D9D71-66CA-4F0B-8702-244098720D02}.Debug|Any CPU.Build.0 = Debug|Any CPU
		{6E3D9D71-66CA-4F0B-8702-244098720D02}.Release|Any CPU.ActiveCfg = Release|Any CPU
		{6E3D9D71-66CA-4F0B-8702-244098720D02}.Release|Any CPU.Build.0 = Release|Any CPU
	EndGlobalSection
	GlobalSection(SolutionProperties) = preSolution
		HideSolutionNode = FALSE
	EndGlobalSection
	GlobalSection(ExtensibilityGlobals) = postSolution
		SolutionGuid = {5596ACD8-CA6F-4525-AB4E-4E182EF1C508}
	EndGlobalSection
EndGlobal
